# Generated by pub
# See https://dart.dev/tools/pub/glossary#lockfile
packages:
  _fe_analyzer_shared:
    dependency: transitive
    description:
      name: _fe_analyzer_shared
      sha256: da0d9209ca76bde579f2da330aeb9df62b6319c834fa7baae052021b0462401f
      url: "https://pub.dev"
    source: hosted
    version: "85.0.0"
  adaptive_number:
    dependency: transitive
    description:
      name: adaptive_number
      sha256: "3a567544e9b5c9c803006f51140ad544aedc79604fd4f3f2c1380003f97c1d77"
      url: "https://pub.dev"
    source: hosted
    version: "1.0.0"
  analyzer:
    dependency: transitive
    description:
      name: analyzer
      sha256: "974859dc0ff5f37bc4313244b3218c791810d03ab3470a579580279ba971a48d"
      url: "https://pub.dev"
    source: hosted
    version: "7.7.1"
  ansi_styles:
    dependency: transitive
    description:
      name: ansi_styles
      sha256: "9c656cc12b3c27b17dd982b2cc5c0cfdfbdabd7bc8f3ae5e8542d9867b47ce8a"
      url: "https://pub.dev"
    source: hosted
    version: "0.3.2+1"
  args:
    dependency: transitive
    description:
      name: args
      sha256: d0481093c50b1da8910eb0bb301626d4d8eb7284aa739614d2b394ee09e3ea04
      url: "https://pub.dev"
    source: hosted
    version: "2.7.0"
  async:
    dependency: transitive
    description:
      name: async
      sha256: "758e6d74e971c3e5aceb4110bfd6698efc7f501675bcfe0c775459a8140750eb"
      url: "https://pub.dev"
    source: hosted
    version: "2.13.0"
  boolean_selector:
    dependency: transitive
    description:
      name: boolean_selector
      sha256: "8aab1771e1243a5063b8b0ff68042d67334e3feab9e95b9490f9a6ebf73b42ea"
      url: "https://pub.dev"
    source: hosted
    version: "2.1.2"
  buffer:
    dependency: transitive
    description:
      name: buffer
      sha256: "389da2ec2c16283c8787e0adaede82b1842102f8c8aae2f49003a766c5c6b3d1"
      url: "https://pub.dev"
    source: hosted
    version: "1.2.3"
  build:
    dependency: transitive
    description:
      name: build
      sha256: "51dc711996cbf609b90cbe5b335bbce83143875a9d58e4b5c6d3c4f684d3dda7"
      url: "https://pub.dev"
    source: hosted
    version: "2.5.4"
  build_config:
    dependency: transitive
    description:
      name: build_config
      sha256: "4ae2de3e1e67ea270081eaee972e1bd8f027d459f249e0f1186730784c2e7e33"
      url: "https://pub.dev"
    source: hosted
    version: "1.1.2"
  build_daemon:
    dependency: transitive
    description:
      name: build_daemon
      sha256: "8e928697a82be082206edb0b9c99c5a4ad6bc31c9e9b8b2f291ae65cd4a25daa"
      url: "https://pub.dev"
    source: hosted
    version: "4.0.4"
  build_resolvers:
    dependency: transitive
    description:
      name: build_resolvers
      sha256: ee4257b3f20c0c90e72ed2b57ad637f694ccba48839a821e87db762548c22a62
      url: "https://pub.dev"
    source: hosted
    version: "2.5.4"
  build_runner:
    dependency: transitive
    description:
      name: build_runner
      sha256: "382a4d649addbfb7ba71a3631df0ec6a45d5ab9b098638144faf27f02778eb53"
      url: "https://pub.dev"
    source: hosted
    version: "2.5.4"
  build_runner_core:
    dependency: transitive
    description:
      name: build_runner_core
      sha256: "85fbbb1036d576d966332a3f5ce83f2ce66a40bea1a94ad2d5fc29a19a0d3792"
      url: "https://pub.dev"
    source: hosted
    version: "9.1.2"
  built_collection:
    dependency: transitive
    description:
      name: built_collection
      sha256: "376e3dd27b51ea877c28d525560790aee2e6fbb5f20e2f85d5081027d94e2100"
      url: "https://pub.dev"
    source: hosted
    version: "5.1.1"
  built_value:
    dependency: transitive
    description:
      name: built_value
      sha256: "0b1b12a0a549605e5f04476031cd0bc91ead1d7c8e830773a18ee54179b3cb62"
      url: "https://pub.dev"
    source: hosted
    version: "8.11.0"
  charcode:
    dependency: transitive
    description:
      name: charcode
      sha256: fb0f1107cac15a5ea6ef0a6ef71a807b9e4267c713bb93e00e92d737cc8dbd8a
      url: "https://pub.dev"
    source: hosted
    version: "1.4.0"
  checked_yaml:
    dependency: transitive
    description:
      name: checked_yaml
      sha256: "959525d3162f249993882720d52b7e0c833978df229be20702b33d48d91de70f"
      url: "https://pub.dev"
    source: hosted
    version: "2.0.4"
  cli_completion:
    dependency: transitive
    description:
      name: cli_completion
      sha256: "72e8ccc4545f24efa7bbdf3bff7257dc9d62b072dee77513cc54295575bc9220"
      url: "https://pub.dev"
    source: hosted
    version: "0.5.1"
  cli_config:
    dependency: transitive
    description:
      name: cli_config
      sha256: ac20a183a07002b700f0c25e61b7ee46b23c309d76ab7b7640a028f18e4d99ec
      url: "https://pub.dev"
    source: hosted
    version: "0.2.0"
  cli_util:
    dependency: transitive
    description:
      name: cli_util
      sha256: ff6785f7e9e3c38ac98b2fb035701789de90154024a75b6cb926445e83197d1c
      url: "https://pub.dev"
    source: hosted
    version: "0.4.2"
  clock:
    dependency: transitive
    description:
      name: clock
      sha256: fddb70d9b5277016c77a80201021d40a2247104d9f4aa7bab7157b7e3f05b84b
      url: "https://pub.dev"
    source: hosted
    version: "1.1.2"
  code_builder:
    dependency: transitive
    description:
      name: code_builder
      sha256: "0ec10bf4a89e4c613960bf1e8b42c64127021740fb21640c29c909826a5eea3e"
      url: "https://pub.dev"
    source: hosted
    version: "4.10.1"
  collection:
    dependency: transitive
    description:
      name: collection
      sha256: "2f5709ae4d3d59dd8f7cd309b4e023046b57d8a6c82130785d2b0e5868084e76"
      url: "https://pub.dev"
    source: hosted
    version: "1.19.1"
  convert:
    dependency: transitive
    description:
      name: convert
      sha256: b30acd5944035672bc15c6b7a8b47d773e41e2f17de064350988c5d02adb1c68
      url: "https://pub.dev"
    source: hosted
    version: "3.1.2"
  coverage:
    dependency: transitive
    description:
      name: coverage
      sha256: "5da775aa218eaf2151c721b16c01c7676fbfdd99cebba2bf64e8b807a28ff94d"
      url: "https://pub.dev"
    source: hosted
    version: "1.15.0"
  crypto:
    dependency: transitive
    description:
      name: crypto
      sha256: "1e445881f28f22d6140f181e07737b22f1e099a5e1ff94b0af2f9e4a463f4855"
      url: "https://pub.dev"
    source: hosted
    version: "3.0.6"
  dart_jsonwebtoken:
    dependency: transitive
    description:
      name: dart_jsonwebtoken
      sha256: "21ce9f8a8712f741e8d6876a9c82c0f8a257fe928c4378a91d8527b92a3fd413"
      url: "https://pub.dev"
    source: hosted
    version: "3.2.0"
  dart_mappable:
    dependency: transitive
    description:
      name: dart_mappable
      sha256: "2255b2c00e328a65fef5a8df2dabfc0dc9c2e518c33a50051a4519b1c7a28c48"
      url: "https://pub.dev"
    source: hosted
    version: "4.5.0"
  dart_style:
    dependency: transitive
    description:
      name: dart_style
      sha256: "8a0e5fba27e8ee025d2ffb4ee820b4e6e2cf5e4246a6b1a477eb66866947e0bb"
      url: "https://pub.dev"
    source: hosted
    version: "3.1.1"
  drift:
    dependency: transitive
    description:
      name: drift
      sha256: dce2723fb0dd03563af21f305f8f96514c27f870efba934b4fe84d4fedb4eff7
      url: "https://pub.dev"
    source: hosted
    version: "2.28.0"
  drift_dev:
    dependency: transitive
    description:
      name: drift_dev
      sha256: "68c138e884527d2bd61df2ade276c3a144df84d1adeb0ab8f3196b5afe021bd4"
      url: "https://pub.dev"
    source: hosted
    version: "2.28.0"
  drift_postgres:
    dependency: transitive
    description:
      name: drift_postgres
      sha256: "8c1e123c72aeb3982af53681d4c9327d2a54a980f3bc8658cd891429b0dd3b09"
      url: "https://pub.dev"
    source: hosted
    version: "1.3.1"
  ed25519_edwards:
    dependency: transitive
    description:
      name: ed25519_edwards
      sha256: "6ce0112d131327ec6d42beede1e5dfd526069b18ad45dcf654f15074ad9276cd"
      url: "https://pub.dev"
    source: hosted
    version: "0.3.1"
  envied:
    dependency: transitive
    description:
      name: envied
      sha256: a4e2b1d0caa479b5d61332ae516518c175a6d09328a35a0bc0a53894cc5d7e4d
      url: "https://pub.dev"
    source: hosted
    version: "1.1.1"
  envied_generator:
    dependency: transitive
    description:
      name: envied_generator
      sha256: "894f6c5eb624c60a1ce6f642b6fd7ec68bc3440aa6f1881837aa9acbbeade0c8"
      url: "https://pub.dev"
    source: hosted
    version: "1.1.1"
  equatable:
    dependency: transitive
    description:
      name: equatable
      sha256: "567c64b3cb4cf82397aac55f4f0cbd3ca20d77c6c03bedbc4ceaddc08904aef7"
      url: "https://pub.dev"
    source: hosted
    version: "2.0.7"
  ffi:
    dependency: transitive
    description:
      name: ffi
      sha256: "289279317b4b16eb2bb7e271abccd4bf84ec9bdcbe999e278a94b804f5630418"
      url: "https://pub.dev"
    source: hosted
    version: "2.1.4"
  file:
    dependency: transitive
    description:
      name: file
      sha256: a3b4f84adafef897088c160faf7dfffb7696046cb13ae90b508c2cbc95d3b8d4
      url: "https://pub.dev"
    source: hosted
    version: "7.0.1"
  fixnum:
    dependency: transitive
    description:
      name: fixnum
      sha256: b6dc7065e46c974bc7c5f143080a6764ec7a4be6da1285ececdc37be96de53be
      url: "https://pub.dev"
    source: hosted
    version: "1.1.1"
  freezed:
    dependency: transitive
    description:
      name: freezed
      sha256: "2d399f823b8849663744d2a9ddcce01c49268fb4170d0442a655bf6a2f47be22"
      url: "https://pub.dev"
    source: hosted
    version: "3.1.0"
  freezed_annotation:
    dependency: transitive
    description:
      name: freezed_annotation
      sha256: "7294967ff0a6d98638e7acb774aac3af2550777accd8149c90af5b014e6d44d8"
      url: "https://pub.dev"
    source: hosted
    version: "3.1.0"
  frontend_server_client:
    dependency: transitive
    description:
      name: frontend_server_client
      sha256: f64a0333a82f30b0cca061bc3d143813a486dc086b574bfb233b7c1372427694
      url: "https://pub.dev"
    source: hosted
    version: "4.0.0"
  get_it:
    dependency: transitive
    description:
      name: get_it
      sha256: f126a3e286b7f5b578bf436d5592968706c4c1de28a228b870ce375d9f743103
      url: "https://pub.dev"
    source: hosted
    version: "8.0.3"
  glob:
    dependency: transitive
    description:
      name: glob
      sha256: c3f1ee72c96f8f78935e18aa8cecced9ab132419e8625dc187e1c2408efc20de
      url: "https://pub.dev"
    source: hosted
    version: "2.1.3"
  graphs:
    dependency: transitive
    description:
      name: graphs
      sha256: "741bbf84165310a68ff28fe9e727332eef1407342fca52759cb21ad8177bb8d0"
      url: "https://pub.dev"
    source: hosted
    version: "2.3.2"
  hashlib:
    dependency: transitive
    description:
      name: hashlib
      sha256: c742f4250067e52686e2bbc73013794e748511473baa7f875289681436daa4ed
      url: "https://pub.dev"
    source: hosted
    version: "2.0.0"
  hashlib_codecs:
    dependency: transitive
    description:
      name: hashlib_codecs
      sha256: "0e1a17c47792fd131a9bf49b811c394b22516287746ee14cd0b0c22a34136699"
      url: "https://pub.dev"
    source: hosted
    version: "3.0.1"
  html_unescape:
    dependency: transitive
    description:
      name: html_unescape
      sha256: "15362d7a18f19d7b742ef8dcb811f5fd2a2df98db9f80ea393c075189e0b61e3"
      url: "https://pub.dev"
    source: hosted
    version: "2.0.0"
  http:
    dependency: transitive
    description:
      name: http
      sha256: "2c11f3f94c687ee9bad77c171151672986360b2b001d109814ee7140b2cf261b"
      url: "https://pub.dev"
    source: hosted
    version: "1.4.0"
  http_multi_server:
    dependency: transitive
    description:
      name: http_multi_server
      sha256: aa6199f908078bb1c5efb8d8638d4ae191aac11b311132c3ef48ce352fb52ef8
      url: "https://pub.dev"
    source: hosted
    version: "3.2.2"
  http_parser:
    dependency: transitive
    description:
      name: http_parser
      sha256: "178d74305e7866013777bab2c3d8726205dc5a4dd935297175b19a23a2e66571"
      url: "https://pub.dev"
    source: hosted
    version: "4.1.2"
  injectable:
    dependency: transitive
    description:
      name: injectable
      sha256: "5e1556ea1d374fe44cbe846414d9bab346285d3d8a1da5877c01ad0774006068"
      url: "https://pub.dev"
    source: hosted
    version: "2.5.0"
  injectable_generator:
    dependency: transitive
    description:
      name: injectable_generator
      sha256: b04673a4c88b3a848c0c77bf58b8309f9b9e064d9fe1df5450c8ee1675eaea1a
      url: "https://pub.dev"
    source: hosted
    version: "2.7.0"
  intl:
    dependency: transitive
    description:
      name: intl
      sha256: "3df61194eb431efc39c4ceba583b95633a403f46c9fd341e550ce0bfa50e9aa5"
      url: "https://pub.dev"
    source: hosted
    version: "0.20.2"
  io:
    dependency: transitive
    description:
      name: io
      sha256: dfd5a80599cf0165756e3181807ed3e77daf6dd4137caaad72d0b7931597650b
      url: "https://pub.dev"
    source: hosted
    version: "1.0.5"
  jinja:
    dependency: transitive
    description:
      name: jinja
      sha256: "8cf446a04d01d10bf1c213c2c9d2a30b3602d1c035ae3ad86e518770abc05987"
      url: "https://pub.dev"
    source: hosted
    version: "0.6.4"
  js:
    dependency: transitive
    description:
      name: js
      sha256: "53385261521cc4a0c4658fd0ad07a7d14591cf8fc33abbceae306ddb974888dc"
      url: "https://pub.dev"
    source: hosted
    version: "0.7.2"
  json_annotation:
    dependency: transitive
    description:
      name: json_annotation
      sha256: "1ce844379ca14835a50d2f019a3099f419082cfdd231cd86a142af94dd5c6bb1"
      url: "https://pub.dev"
    source: hosted
    version: "4.9.0"
  json_serializable:
    dependency: transitive
    description:
      name: json_serializable
      sha256: c50ef5fc083d5b5e12eef489503ba3bf5ccc899e487d691584699b4bdefeea8c
      url: "https://pub.dev"
    source: hosted
    version: "6.9.5"
  lint:
    dependency: transitive
    description:
      name: lint
      sha256: "3cd03646de313481336500ba02eb34d07c590535525f154aae7fda7362aa07a9"
      url: "https://pub.dev"
    source: hosted
    version: "2.8.0"
  logging:
    dependency: transitive
    description:
      name: logging
      sha256: c8245ada5f1717ed44271ed1c26b8ce85ca3228fd2ffdb75468ab01979309d61
      url: "https://pub.dev"
    source: hosted
    version: "1.3.0"
  luthor:
    dependency: "direct main"
    description:
      name: luthor
      sha256: b8ce5cd943a91bf50d14572f9dd40373048fd770ebf3d590b6f833d89182394c
      url: "https://pub.dev"
    source: hosted
    version: "0.9.0"
  luthor_generator:
    dependency: transitive
    description:
      name: luthor_generator
      sha256: a016fae3bf2828a8725afa2f21036cd7f4e9e69ea812d1fce97293f6f92d734c
      url: "https://pub.dev"
    source: hosted
    version: "0.9.0"
  mason_logger:
    dependency: transitive
    description:
      name: mason_logger
      sha256: "6d5a989ff41157915cb5162ed6e41196d5e31b070d2f86e1c2edf216996a158c"
      url: "https://pub.dev"
    source: hosted
    version: "0.3.3"
  matcher:
    dependency: transitive
    description:
      name: matcher
      sha256: dc58c723c3c24bf8d3e2d3ad3f2f9d7bd9cf43ec6feaa64181775e60190153f2
      url: "https://pub.dev"
    source: hosted
    version: "0.12.17"
  meta:
    dependency: transitive
    description:
      name: meta
      sha256: "23f08335362185a5ea2ad3a4e597f1375e78bce8a040df5c600c8d3552ef2394"
      url: "https://pub.dev"
    source: hosted
    version: "1.17.0"
  mime:
    dependency: transitive
    description:
      name: mime
      sha256: "41a20518f0cb1256669420fdba0cd90d21561e560ac240f26ef8322e45bb7ed6"
      url: "https://pub.dev"
    source: hosted
    version: "2.0.0"
  node_preamble:
    dependency: transitive
    description:
      name: node_preamble
      sha256: "6e7eac89047ab8a8d26cf16127b5ed26de65209847630400f9aefd7cd5c730db"
      url: "https://pub.dev"
    source: hosted
    version: "2.0.2"
  openapi_spec:
    dependency: transitive
    description:
      name: openapi_spec
      sha256: "27dbab543526f0af45eed731b55ae3d672eae9e1efd29000686654d78428f2b7"
      url: "https://pub.dev"
    source: hosted
    version: "0.14.0"
  package_config:
    dependency: transitive
    description:
      name: package_config
      sha256: f096c55ebb7deb7e384101542bfba8c52696c1b56fca2eb62827989ef2353bbc
      url: "https://pub.dev"
    source: hosted
    version: "2.2.0"
  path:
    dependency: transitive
    description:
      name: path
      sha256: "75cca69d1490965be98c73ceaea117e8a04dd21217b37b292c9ddbec0d955bc5"
      url: "https://pub.dev"
    source: hosted
    version: "1.9.1"
  platform:
    dependency: transitive
    description:
      name: platform
      sha256: "5d6b1b0036a5f331ebc77c850ebc8506cbc1e9416c27e59b439f917a902a4984"
      url: "https://pub.dev"
    source: hosted
    version: "3.1.6"
  pointycastle:
    dependency: transitive
    description:
      name: pointycastle
      sha256: "92aa3841d083cc4b0f4709b5c74fd6409a3e6ba833ffc7dc6a8fee096366acf5"
      url: "https://pub.dev"
    source: hosted
    version: "4.0.0"
  pool:
    dependency: transitive
    description:
      name: pool
      sha256: "20fe868b6314b322ea036ba325e6fc0711a22948856475e2c2b6306e8ab39c2a"
      url: "https://pub.dev"
    source: hosted
    version: "1.5.1"
  postgres:
    dependency: transitive
    description:
      name: postgres
      sha256: "9aaa6f4872956adef653535a4e2133b167465c1a68c22b9bd0744ef1244e9393"
      url: "https://pub.dev"
    source: hosted
    version: "3.5.6"
  process:
    dependency: transitive
    description:
      name: process
      sha256: "44b4226c0afd4bc3b7c7e67d44c4801abd97103cf0c84609e2654b664ca2798c"
      url: "https://pub.dev"
    source: hosted
    version: "5.0.4"
  pub_semver:
    dependency: transitive
    description:
      name: pub_semver
      sha256: "5bfcf68ca79ef689f8990d1160781b4bad40a3bd5e5218ad4076ddb7f4081585"
      url: "https://pub.dev"
    source: hosted
    version: "2.2.0"
  pub_updater:
    dependency: transitive
    description:
      name: pub_updater
      sha256: "739a0161d73a6974c0675b864fb0cf5147305f7b077b7f03a58fa7a9ab3e7e7d"
      url: "https://pub.dev"
    source: hosted
    version: "0.5.0"
  pubspec_parse:
    dependency: transitive
    description:
      name: pubspec_parse
      sha256: "0560ba233314abbed0a48a2956f7f022cce7c3e1e73df540277da7544cad4082"
      url: "https://pub.dev"
    source: hosted
    version: "1.5.0"
  recase:
    dependency: transitive
    description:
      name: recase
      sha256: e4eb4ec2dcdee52dcf99cb4ceabaffc631d7424ee55e56f280bc039737f89213
      url: "https://pub.dev"
    source: hosted
    version: "4.1.0"
  redis:
    dependency: transitive
    description:
      name: redis
      sha256: "4a8218ef7b0642ff499147c7a105591208259e2f55f07db0101ace7f82f66cf9"
      url: "https://pub.dev"
    source: hosted
    version: "4.0.0"
  sasl_scram:
    dependency: transitive
    description:
      name: sasl_scram
      sha256: a47207a436eb650f8fdcf54a2e2587b850dc3caef9973ce01f332b07a6fc9cb9
      url: "https://pub.dev"
    source: hosted
    version: "0.1.1"
  saslprep:
    dependency: transitive
    description:
      name: saslprep
      sha256: "3d421d10be9513bf4459c17c5e70e7b8bc718c9fc5ad4ba5eb4f5fd27396f740"
      url: "https://pub.dev"
    source: hosted
    version: "1.0.3"
  shelf:
    dependency: transitive
    description:
      name: shelf
      sha256: e7dd780a7ffb623c57850b33f43309312fc863fb6aa3d276a754bb299839ef12
      url: "https://pub.dev"
    source: hosted
    version: "1.4.2"
  shelf_packages_handler:
    dependency: transitive
    description:
      name: shelf_packages_handler
      sha256: "89f967eca29607c933ba9571d838be31d67f53f6e4ee15147d5dc2934fee1b1e"
      url: "https://pub.dev"
    source: hosted
    version: "3.0.2"
  shelf_static:
    dependency: transitive
    description:
      name: shelf_static
      sha256: c87c3875f91262785dade62d135760c2c69cb217ac759485334c5857ad89f6e3
      url: "https://pub.dev"
    source: hosted
    version: "1.1.3"
  shelf_web_socket:
    dependency: transitive
    description:
      name: shelf_web_socket
      sha256: "3632775c8e90d6c9712f883e633716432a27758216dfb61bd86a8321c0580925"
      url: "https://pub.dev"
    source: hosted
    version: "3.0.0"
  source_gen:
    dependency: transitive
    description:
      name: source_gen
      sha256: "35c8150ece9e8c8d263337a265153c3329667640850b9304861faea59fc98f6b"
      url: "https://pub.dev"
    source: hosted
    version: "2.0.0"
  source_helper:
    dependency: transitive
    description:
      name: source_helper
      sha256: "4f81479fe5194a622cdd1713fe1ecb683a6e6c85cd8cec8e2e35ee5ab3fdf2a1"
      url: "https://pub.dev"
    source: hosted
    version: "1.3.6"
  source_map_stack_trace:
    dependency: transitive
    description:
      name: source_map_stack_trace
      sha256: c0713a43e323c3302c2abe2a1cc89aa057a387101ebd280371d6a6c9fa68516b
      url: "https://pub.dev"
    source: hosted
    version: "2.1.2"
  source_maps:
    dependency: transitive
    description:
      name: source_maps
      sha256: "190222579a448b03896e0ca6eca5998fa810fda630c1d65e2f78b3f638f54812"
      url: "https://pub.dev"
    source: hosted
    version: "0.10.13"
  source_span:
    dependency: transitive
    description:
      name: source_span
      sha256: "254ee5351d6cb365c859e20ee823c3bb479bf4a293c22d17a9f1bf144ce86f7c"
      url: "https://pub.dev"
    source: hosted
    version: "1.10.1"
  sprintf:
    dependency: transitive
    description:
      name: sprintf
      sha256: "1fc9ffe69d4df602376b52949af107d8f5703b77cda567c4d7d86a0693120f23"
      url: "https://pub.dev"
    source: hosted
    version: "7.0.0"
  sqlite3:
    dependency: transitive
    description:
      name: sqlite3
      sha256: "608b56d594e4c8498c972c8f1507209f9fd74939971b948ddbbfbfd1c9cb3c15"
      url: "https://pub.dev"
    source: hosted
    version: "2.7.7"
  sqlparser:
    dependency: transitive
    description:
      name: sqlparser
      sha256: "7c859c803cf7e9a84d6db918bac824545045692bbe94a6386bd3a45132235d09"
      url: "https://pub.dev"
    source: hosted
    version: "0.41.1"
  stack_trace:
    dependency: transitive
    description:
      name: stack_trace
      sha256: "8b27215b45d22309b5cddda1aa2b19bdfec9df0e765f2de506401c071d38d1b1"
      url: "https://pub.dev"
    source: hosted
    version: "1.12.1"
  stream_channel:
    dependency: transitive
    description:
      name: stream_channel
      sha256: "969e04c80b8bcdf826f8f16579c7b14d780458bd97f56d107d3950fdbeef059d"
      url: "https://pub.dev"
    source: hosted
    version: "2.1.4"
  stream_transform:
    dependency: transitive
    description:
      name: stream_transform
      sha256: ad47125e588cfd37a9a7f86c7d6356dde8dfe89d071d293f80ca9e9273a33871
      url: "https://pub.dev"
    source: hosted
    version: "2.1.1"
  string_scanner:
    dependency: transitive
    description:
      name: string_scanner
      sha256: "921cd31725b72fe181906c6a94d987c78e3b98c2e205b397ea399d4054872b43"
      url: "https://pub.dev"
    source: hosted
    version: "1.4.1"
  superclass:
    dependency: transitive
    description:
      name: superclass
      sha256: "84f2c8e6abc3f2a1599e288e61d5d408257fb784eb110a133c96e68679b66b3c"
      url: "https://pub.dev"
    source: hosted
    version: "0.5.0"
  superclass_generator:
    dependency: transitive
    description:
      name: superclass_generator
      sha256: "6923c582fa28235aa29256048e3db4dc5856dd4ca8eee50eadec4c2d9c3c18db"
      url: "https://pub.dev"
    source: hosted
    version: "0.5.0"
  synchronized:
    dependency: transitive
    description:
      name: synchronized
      sha256: c254ade258ec8282947a0acbbc90b9575b4f19673533ee46f2f6e9b3aeefd7c0
      url: "https://pub.dev"
    source: hosted
    version: "3.4.0"
  term_glyph:
    dependency: transitive
    description:
      name: term_glyph
      sha256: "7f554798625ea768a7518313e58f83891c7f5024f88e46e7182a4558850a4b8e"
      url: "https://pub.dev"
    source: hosted
    version: "1.2.2"
  test:
    dependency: transitive
    description:
      name: test
      sha256: "75906bf273541b676716d1ca7627a17e4c4070a3a16272b7a3dc7da3b9f3f6b7"
      url: "https://pub.dev"
    source: hosted
    version: "1.26.3"
  test_api:
    dependency: transitive
    description:
      name: test_api
      sha256: ab2726c1a94d3176a45960b6234466ec367179b87dd74f1611adb1f3b5fb9d55
      url: "https://pub.dev"
    source: hosted
    version: "0.7.7"
  test_core:
    dependency: transitive
    description:
      name: test_core
      sha256: "0cc24b5ff94b38d2ae73e1eb43cc302b77964fbf67abad1e296025b78deb53d0"
      url: "https://pub.dev"
    source: hosted
    version: "0.6.12"
  textwrap:
    dependency: transitive
    description:
      name: textwrap
      sha256: "0c16e75bf786b2eaa28bc419690466aacbf50408d2d43887065e4179320c4ca7"
      url: "https://pub.dev"
    source: hosted
    version: "2.0.1"
  timing:
    dependency: transitive
    description:
      name: timing
      sha256: "62ee18aca144e4a9f29d212f5a4c6a053be252b895ab14b5821996cff4ed90fe"
      url: "https://pub.dev"
    source: hosted
    version: "1.0.2"
  type_plus:
    dependency: transitive
    description:
      name: type_plus
      sha256: d5d1019471f0d38b91603adb9b5fd4ce7ab903c879d2fbf1a3f80a630a03fcc9
      url: "https://pub.dev"
    source: hosted
    version: "2.1.1"
  typed_data:
    dependency: transitive
    description:
      name: typed_data
      sha256: f9049c039ebfeb4cf7a7104a675823cd72dba8297f264b6637062516699fa006
      url: "https://pub.dev"
    source: hosted
    version: "1.4.0"
  unorm_dart:
    dependency: transitive
    description:
      name: unorm_dart
      sha256: "8e3870a1caa60bde8352f9597dd3535d8068613269444f8e35ea8925ec84c1f5"
      url: "https://pub.dev"
    source: hosted
    version: "0.3.1+1"
  uuid:
    dependency: transitive
    description:
      name: uuid
      sha256: a5be9ef6618a7ac1e964353ef476418026db906c4facdedaa299b7a2e71690ff
      url: "https://pub.dev"
    source: hosted
    version: "4.5.1"
  vm_service:
    dependency: transitive
    description:
      name: vm_service
      sha256: "45caa6c5917fa127b5dbcfbd1fa60b14e583afdc08bfc96dda38886ca252eb60"
      url: "https://pub.dev"
    source: hosted
    version: "15.0.2"
  watcher:
    dependency: transitive
    description:
      name: watcher
      sha256: "0b7fd4a0bbc4b92641dbf20adfd7e3fd1398fe17102d94b674234563e110088a"
      url: "https://pub.dev"
    source: hosted
    version: "1.1.2"
  web:
    dependency: transitive
    description:
      name: web
      sha256: "868d88a33d8a87b18ffc05f9f030ba328ffefba92d6c127917a2ba740f9cfe4a"
      url: "https://pub.dev"
    source: hosted
    version: "1.1.1"
  web_socket:
    dependency: transitive
    description:
      name: web_socket
      sha256: "34d64019aa8e36bf9842ac014bb5d2f5586ca73df5e4d9bf5c936975cae6982c"
      url: "https://pub.dev"
    source: hosted
    version: "1.0.1"
  web_socket_channel:
    dependency: transitive
    description:
      name: web_socket_channel
      sha256: d645757fb0f4773d602444000a8131ff5d48c9e47adfe9772652dd1a4f2d45c8
      url: "https://pub.dev"
    source: hosted
    version: "3.0.3"
  webkit_inspection_protocol:
    dependency: transitive
    description:
      name: webkit_inspection_protocol
      sha256: "87d3f2333bb240704cd3f1c6b5b7acd8a10e7f0bc28c28dcf14e782014f4a572"
      url: "https://pub.dev"
    source: hosted
    version: "1.2.1"
  win32:
    dependency: transitive
    description:
      name: win32
      sha256: "66814138c3562338d05613a6e368ed8cfb237ad6d64a9e9334be3f309acfca03"
      url: "https://pub.dev"
    source: hosted
    version: "5.14.0"
  yaml:
    dependency: transitive
    description:
      name: yaml
      sha256: b9da305ac7c39faa3f030eccd175340f968459dae4af175130b3fc47e40d76ce
      url: "https://pub.dev"
    source: hosted
    version: "3.1.3"
sdks:
  dart: ">=3.8.0 <4.0.0"
