# Generated by pub
# See https://dart.dev/tools/pub/glossary#lockfile
packages:
  arcade_cache:
    dependency: "direct main"
    description:
      path: "../arcade_cache"
      relative: true
    source: path
    version: "0.0.2"
  redis:
    dependency: "direct main"
    description:
      name: redis
      sha256: "4a8218ef7b0642ff499147c7a105591208259e2f55f07db0101ace7f82f66cf9"
      url: "https://pub.dev"
    source: hosted
    version: "4.0.0"
sdks:
  dart: ">=3.2.3 <4.0.0"
